// !$*UTF8*$!
{
	archiveVersion = 1;
	classes = {
	};
	objectVersion = 56;
	objects = {

/* Begin PBXBuildFile section */
		81B2D25C2B10C0FC00CFFD18 /* onboarding_swiftuiApp.swift in Sources */ = {isa = PBXBuildFile; fileRef = 81B2D25B2B10C0FC00CFFD18 /* onboarding_swiftuiApp.swift */; };
		81B2D25E2B10C0FC00CFFD18 /* ContentView.swift in Sources */ = {isa = PBXBuildFile; fileRef = 81B2D25D2B10C0FC00CFFD18 /* ContentView.swift */; };
		81B2D2602B10C0FD00CFFD18 /* Assets.xcassets in Resources */ = {isa = PBXBuildFile; fileRef = 81B2D25F2B10C0FD00CFFD18 /* Assets.xcassets */; };
		81B2D2632B10C0FD00CFFD18 /* Preview Assets.xcassets in Resources */ = {isa = PBXBuildFile; fileRef = 81B2D2622B10C0FD00CFFD18 /* Preview Assets.xcassets */; };
		81B2D26B2B10C37100CFFD18 /* OnboardingItem.swift in Sources */ = {isa = PBXBuildFile; fileRef = 81B2D26A2B10C37100CFFD18 /* OnboardingItem.swift */; };
		81B2D26D2B10C42B00CFFD18 /* OnboardingView.swift in Sources */ = {isa = PBXBuildFile; fileRef = 81B2D26C2B10C42B00CFFD18 /* OnboardingView.swift */; };
		81B2D26F2B10C74E00CFFD18 /* OnboardingScreenView.swift in Sources */ = {isa = PBXBuildFile; fileRef = 81B2D26E2B10C74E00CFFD18 /* OnboardingScreenView.swift */; };
		81B2D2712B10C8CF00CFFD18 /* OnboardingContent.plist in Resources */ = {isa = PBXBuildFile; fileRef = 81B2D2702B10C8CF00CFFD18 /* OnboardingContent.plist */; };
		81B2D2732B10CA7200CFFD18 /* PlistManager.swift in Sources */ = {isa = PBXBuildFile; fileRef = 81B2D2722B10CA7200CFFD18 /* PlistManager.swift */; };
		81B2D2752B10D00400CFFD18 /* OnboardingContentManager.swift in Sources */ = {isa = PBXBuildFile; fileRef = 81B2D2742B10D00400CFFD18 /* OnboardingContentManager.swift */; };
/* End PBXBuildFile section */

/* Begin PBXFileReference section */
		81B2D2582B10C0FC00CFFD18 /* onboarding-swiftui.app */ = {isa = PBXFileReference; explicitFileType = wrapper.application; includeInIndex = 0; path = "onboarding-swiftui.app"; sourceTree = BUILT_PRODUCTS_DIR; };
		81B2D25B2B10C0FC00CFFD18 /* onboarding_swiftuiApp.swift */ = {isa = PBXFileReference; lastKnownFileType = sourcecode.swift; path = onboarding_swiftuiApp.swift; sourceTree = "<group>"; };
		81B2D25D2B10C0FC00CFFD18 /* ContentView.swift */ = {isa = PBXFileReference; lastKnownFileType = sourcecode.swift; path = ContentView.swift; sourceTree = "<group>"; };
		81B2D25F2B10C0FD00CFFD18 /* Assets.xcassets */ = {isa = PBXFileReference; lastKnownFileType = folder.assetcatalog; path = Assets.xcassets; sourceTree = "<group>"; };
		81B2D2622B10C0FD00CFFD18 /* Preview Assets.xcassets */ = {isa = PBXFileReference; lastKnownFileType = folder.assetcatalog; path = "Preview Assets.xcassets"; sourceTree = "<group>"; };
		81B2D26A2B10C37100CFFD18 /* OnboardingItem.swift */ = {isa = PBXFileReference; lastKnownFileType = sourcecode.swift; path = OnboardingItem.swift; sourceTree = "<group>"; };
		81B2D26C2B10C42B00CFFD18 /* OnboardingView.swift */ = {isa = PBXFileReference; lastKnownFileType = sourcecode.swift; path = OnboardingView.swift; sourceTree = "<group>"; };
		81B2D26E2B10C74E00CFFD18 /* OnboardingScreenView.swift */ = {isa = PBXFileReference; lastKnownFileType = sourcecode.swift; path = OnboardingScreenView.swift; sourceTree = "<group>"; };
		81B2D2702B10C8CF00CFFD18 /* OnboardingContent.plist */ = {isa = PBXFileReference; lastKnownFileType = text.plist.xml; path = OnboardingContent.plist; sourceTree = "<group>"; };
		81B2D2722B10CA7200CFFD18 /* PlistManager.swift */ = {isa = PBXFileReference; lastKnownFileType = sourcecode.swift; path = PlistManager.swift; sourceTree = "<group>"; };
		81B2D2742B10D00400CFFD18 /* OnboardingContentManager.swift */ = {isa = PBXFileReference; lastKnownFileType = sourcecode.swift; path = OnboardingContentManager.swift; sourceTree = "<group>"; };
/* End PBXFileReference section */

/* Begin PBXFrameworksBuildPhase section */
		81B2D2552B10C0FC00CFFD18 /* Frameworks */ = {
			isa = PBXFrameworksBuildPhase;
			buildActionMask = 2147483647;
			files = (
			);
			runOnlyForDeploymentPostprocessing = 0;
		};
/* End PBXFrameworksBuildPhase section */

/* Begin PBXGroup section */
		81B2D24F2B10C0FC00CFFD18 = {
			isa = PBXGroup;
			children = (
				81B2D25A2B10C0FC00CFFD18 /* onboarding-swiftui */,
				81B2D2592B10C0FC00CFFD18 /* Products */,
			);
			sourceTree = "<group>";
		};
		81B2D2592B10C0FC00CFFD18 /* Products */ = {
			isa = PBXGroup;
			children = (
				81B2D2582B10C0FC00CFFD18 /* onboarding-swiftui.app */,
			);
			name = Products;
			sourceTree = "<group>";
		};
		81B2D25A2B10C0FC00CFFD18 /* onboarding-swiftui */ = {
			isa = PBXGroup;
			children = (
				81B2D2692B10C35200CFFD18 /* Onboarding */,
				81B2D25B2B10C0FC00CFFD18 /* onboarding_swiftuiApp.swift */,
				81B2D25D2B10C0FC00CFFD18 /* ContentView.swift */,
				81B2D25F2B10C0FD00CFFD18 /* Assets.xcassets */,
				81B2D2612B10C0FD00CFFD18 /* Preview Content */,
			);
			path = "onboarding-swiftui";
			sourceTree = "<group>";
		};
		81B2D2612B10C0FD00CFFD18 /* Preview Content */ = {
			isa = PBXGroup;
			children = (
				81B2D2622B10C0FD00CFFD18 /* Preview Assets.xcassets */,
			);
			path = "Preview Content";
			sourceTree = "<group>";
		};
		81B2D2692B10C35200CFFD18 /* Onboarding */ = {
			isa = PBXGroup;
			children = (
				81B2D26A2B10C37100CFFD18 /* OnboardingItem.swift */,
				81B2D26C2B10C42B00CFFD18 /* OnboardingView.swift */,
				81B2D26E2B10C74E00CFFD18 /* OnboardingScreenView.swift */,
				81B2D2702B10C8CF00CFFD18 /* OnboardingContent.plist */,
				81B2D2722B10CA7200CFFD18 /* PlistManager.swift */,
				81B2D2742B10D00400CFFD18 /* OnboardingContentManager.swift */,
			);
			path = Onboarding;
			sourceTree = "<group>";
		};
/* End PBXGroup section */

/* Begin PBXNativeTarget section */
		81B2D2572B10C0FC00CFFD18 /* onboarding-swiftui */ = {
			isa = PBXNativeTarget;
			buildConfigurationList = 81B2D2662B10C0FD00CFFD18 /* Build configuration list for PBXNativeTarget "onboarding-swiftui" */;
			buildPhases = (
				81B2D2542B10C0FC00CFFD18 /* Sources */,
				81B2D2552B10C0FC00CFFD18 /* Frameworks */,
				81B2D2562B10C0FC00CFFD18 /* Resources */,
			);
			buildRules = (
			);
			dependencies = (
			);
			name = "onboarding-swiftui";
			productName = "onboarding-swiftui";
			productReference = 81B2D2582B10C0FC00CFFD18 /* onboarding-swiftui.app */;
			productType = "com.apple.product-type.application";
		};
/* End PBXNativeTarget section */

/* Begin PBXProject section */
		81B2D2502B10C0FC00CFFD18 /* Project object */ = {
			isa = PBXProject;
			attributes = {
				BuildIndependentTargetsInParallel = 1;
				LastSwiftUpdateCheck = 1500;
				LastUpgradeCheck = 1500;
				TargetAttributes = {
					81B2D2572B10C0FC00CFFD18 = {
						CreatedOnToolsVersion = 15.0.1;
					};
				};
			};
			buildConfigurationList = 81B2D2532B10C0FC00CFFD18 /* Build configuration list for PBXProject "onboarding-swiftui" */;
			compatibilityVersion = "Xcode 14.0";
			developmentRegion = en;
			hasScannedForEncodings = 0;
			knownRegions = (
				en,
				Base,
			);
			mainGroup = 81B2D24F2B10C0FC00CFFD18;
			productRefGroup = 81B2D2592B10C0FC00CFFD18 /* Products */;
			projectDirPath = "";
			projectRoot = "";
			targets = (
				81B2D2572B10C0FC00CFFD18 /* onboarding-swiftui */,
			);
		};
/* End PBXProject section */

/* Begin PBXResourcesBuildPhase section */
		81B2D2562B10C0FC00CFFD18 /* Resources */ = {
			isa = PBXResourcesBuildPhase;
			buildActionMask = 2147483647;
			files = (
				81B2D2632B10C0FD00CFFD18 /* Preview Assets.xcassets in Resources */,
				81B2D2712B10C8CF00CFFD18 /* OnboardingContent.plist in Resources */,
				81B2D2602B10C0FD00CFFD18 /* Assets.xcassets in Resources */,
			);
			runOnlyForDeploymentPostprocessing = 0;
		};
/* End PBXResourcesBuildPhase section */

/* Begin PBXSourcesBuildPhase section */
		81B2D2542B10C0FC00CFFD18 /* Sources */ = {
			isa = PBXSourcesBuildPhase;
			buildActionMask = 2147483647;
			files = (
				81B2D2732B10CA7200CFFD18 /* PlistManager.swift in Sources */,
				81B2D25E2B10C0FC00CFFD18 /* ContentView.swift in Sources */,
				81B2D26D2B10C42B00CFFD18 /* OnboardingView.swift in Sources */,
				81B2D25C2B10C0FC00CFFD18 /* onboarding_swiftuiApp.swift in Sources */,
				81B2D26B2B10C37100CFFD18 /* OnboardingItem.swift in Sources */,
				81B2D2752B10D00400CFFD18 /* OnboardingContentManager.swift in Sources */,
				81B2D26F2B10C74E00CFFD18 /* OnboardingScreenView.swift in Sources */,
			);
			runOnlyForDeploymentPostprocessing = 0;
		};
/* End PBXSourcesBuildPhase section */

/* Begin XCBuildConfiguration section */
		81B2D2642B10C0FD00CFFD18 /* Debug */ = {
			isa = XCBuildConfiguration;
			buildSettings = {
				ALWAYS_SEARCH_USER_PATHS = NO;
				ASSETCATALOG_COMPILER_GENERATE_SWIFT_ASSET_SYMBOL_EXTENSIONS = YES;
				CLANG_ANALYZER_NONNULL = YES;
				CLANG_ANALYZER_NUMBER_OBJECT_CONVERSION = YES_AGGRESSIVE;
				CLANG_CXX_LANGUAGE_STANDARD = "gnu++20";
				CLANG_ENABLE_MODULES = YES;
				CLANG_ENABLE_OBJC_ARC = YES;
				CLANG_ENABLE_OBJC_WEAK = YES;
				CLANG_WARN_BLOCK_CAPTURE_AUTORELEASING = YES;
				CLANG_WARN_BOOL_CONVERSION = YES;
				CLANG_WARN_COMMA = YES;
				CLANG_WARN_CONSTANT_CONVERSION = YES;
				CLANG_WARN_DEPRECATED_OBJC_IMPLEMENTATIONS = YES;
				CLANG_WARN_DIRECT_OBJC_ISA_USAGE = YES_ERROR;
				CLANG_WARN_DOCUMENTATION_COMMENTS = YES;
				CLANG_WARN_EMPTY_BODY = YES;
				CLANG_WARN_ENUM_CONVERSION = YES;
				CLANG_WARN_INFINITE_RECURSION = YES;
				CLANG_WARN_INT_CONVERSION = YES;
				CLANG_WARN_NON_LITERAL_NULL_CONVERSION = YES;
				CLANG_WARN_OBJC_IMPLICIT_RETAIN_SELF = YES;
				CLANG_WARN_OBJC_LITERAL_CONVERSION = YES;
				CLANG_WARN_OBJC_ROOT_CLASS = YES_ERROR;
				CLANG_WARN_QUOTED_INCLUDE_IN_FRAMEWORK_HEADER = YES;
				CLANG_WARN_RANGE_LOOP_ANALYSIS = YES;
				CLANG_WARN_STRICT_PROTOTYPES = YES;
				CLANG_WARN_SUSPICIOUS_MOVE = YES;
				CLANG_WARN_UNGUARDED_AVAILABILITY = YES_AGGRESSIVE;
				CLANG_WARN_UNREACHABLE_CODE = YES;
				CLANG_WARN__DUPLICATE_METHOD_MATCH = YES;
				COPY_PHASE_STRIP = NO;
				DEBUG_INFORMATION_FORMAT = dwarf;
				ENABLE_STRICT_OBJC_MSGSEND = YES;
				ENABLE_TESTABILITY = YES;
				ENABLE_USER_SCRIPT_SANDBOXING = YES;
				GCC_C_LANGUAGE_STANDARD = gnu17;
				GCC_DYNAMIC_NO_PIC = NO;
				GCC_NO_COMMON_BLOCKS = YES;
				GCC_OPTIMIZATION_LEVEL = 0;
				GCC_PREPROCESSOR_DEFINITIONS = (
					"DEBUG=1",
					"$(inherited)",
				);
				GCC_WARN_64_TO_32_BIT_CONVERSION = YES;
				GCC_WARN_ABOUT_RETURN_TYPE = YES_ERROR;
				GCC_WARN_UNDECLARED_SELECTOR = YES;
				GCC_WARN_UNINITIALIZED_AUTOS = YES_AGGRESSIVE;
				GCC_WARN_UNUSED_FUNCTION = YES;
				GCC_WARN_UNUSED_VARIABLE = YES;
				IPHONEOS_DEPLOYMENT_TARGET = 17.0;
				LOCALIZATION_PREFERS_STRING_CATALOGS = YES;
				MTL_ENABLE_DEBUG_INFO = INCLUDE_SOURCE;
				MTL_FAST_MATH = YES;
				ONLY_ACTIVE_ARCH = YES;
				SDKROOT = iphoneos;
				SWIFT_ACTIVE_COMPILATION_CONDITIONS = "DEBUG $(inherited)";
				SWIFT_OPTIMIZATION_LEVEL = "-Onone";
			};
			name = Debug;
		};
		81B2D2652B10C0FD00CFFD18 /* Release */ = {
			isa = XCBuildConfiguration;
			buildSettings = {
				ALWAYS_SEARCH_USER_PATHS = NO;
				ASSETCATALOG_COMPILER_GENERATE_SWIFT_ASSET_SYMBOL_EXTENSIONS = YES;
				CLANG_ANALYZER_NONNULL = YES;
				CLANG_ANALYZER_NUMBER_OBJECT_CONVERSION = YES_AGGRESSIVE;
				CLANG_CXX_LANGUAGE_STANDARD = "gnu++20";
				CLANG_ENABLE_MODULES = YES;
				CLANG_ENABLE_OBJC_ARC = YES;
				CLANG_ENABLE_OBJC_WEAK = YES;
				CLANG_WARN_BLOCK_CAPTURE_AUTORELEASING = YES;
				CLANG_WARN_BOOL_CONVERSION = YES;
				CLANG_WARN_COMMA = YES;
				CLANG_WARN_CONSTANT_CONVERSION = YES;
				CLANG_WARN_DEPRECATED_OBJC_IMPLEMENTATIONS = YES;
				CLANG_WARN_DIRECT_OBJC_ISA_USAGE = YES_ERROR;
				CLANG_WARN_DOCUMENTATION_COMMENTS = YES;
				CLANG_WARN_EMPTY_BODY = YES;
				CLANG_WARN_ENUM_CONVERSION = YES;
				CLANG_WARN_INFINITE_RECURSION = YES;
				CLANG_WARN_INT_CONVERSION = YES;
				CLANG_WARN_NON_LITERAL_NULL_CONVERSION = YES;
				CLANG_WARN_OBJC_IMPLICIT_RETAIN_SELF = YES;
				CLANG_WARN_OBJC_LITERAL_CONVERSION = YES;
				CLANG_WARN_OBJC_ROOT_CLASS = YES_ERROR;
				CLANG_WARN_QUOTED_INCLUDE_IN_FRAMEWORK_HEADER = YES;
				CLANG_WARN_RANGE_LOOP_ANALYSIS = YES;
				CLANG_WARN_STRICT_PROTOTYPES = YES;
				CLANG_WARN_SUSPICIOUS_MOVE = YES;
				CLANG_WARN_UNGUARDED_AVAILABILITY = YES_AGGRESSIVE;
				CLANG_WARN_UNREACHABLE_CODE = YES;
				CLANG_WARN__DUPLICATE_METHOD_MATCH = YES;
				COPY_PHASE_STRIP = NO;
				DEBUG_INFORMATION_FORMAT = "dwarf-with-dsym";
				ENABLE_NS_ASSERTIONS = NO;
				ENABLE_STRICT_OBJC_MSGSEND = YES;
				ENABLE_USER_SCRIPT_SANDBOXING = YES;
				GCC_C_LANGUAGE_STANDARD = gnu17;
				GCC_NO_COMMON_BLOCKS = YES;
				GCC_WARN_64_TO_32_BIT_CONVERSION = YES;
				GCC_WARN_ABOUT_RETURN_TYPE = YES_ERROR;
				GCC_WARN_UNDECLARED_SELECTOR = YES;
				GCC_WARN_UNINITIALIZED_AUTOS = YES_AGGRESSIVE;
				GCC_WARN_UNUSED_FUNCTION = YES;
				GCC_WARN_UNUSED_VARIABLE = YES;
				IPHONEOS_DEPLOYMENT_TARGET = 17.0;
				LOCALIZATION_PREFERS_STRING_CATALOGS = YES;
				MTL_ENABLE_DEBUG_INFO = NO;
				MTL_FAST_MATH = YES;
				SDKROOT = iphoneos;
				SWIFT_COMPILATION_MODE = wholemodule;
				VALIDATE_PRODUCT = YES;
			};
			name = Release;
		};
		81B2D2672B10C0FD00CFFD18 /* Debug */ = {
			isa = XCBuildConfiguration;
			buildSettings = {
				ASSETCATALOG_COMPILER_APPICON_NAME = AppIcon;
				ASSETCATALOG_COMPILER_GLOBAL_ACCENT_COLOR_NAME = AccentColor;
				CODE_SIGN_STYLE = Automatic;
				CURRENT_PROJECT_VERSION = 1;
				DEVELOPMENT_ASSET_PATHS = "\"onboarding-swiftui/Preview Content\"";
				DEVELOPMENT_TEAM = J6WDBVB643;
				ENABLE_PREVIEWS = YES;
				GENERATE_INFOPLIST_FILE = YES;
				INFOPLIST_KEY_UIApplicationSceneManifest_Generation = YES;
				INFOPLIST_KEY_UIApplicationSupportsIndirectInputEvents = YES;
				INFOPLIST_KEY_UILaunchScreen_Generation = YES;
				INFOPLIST_KEY_UISupportedInterfaceOrientations_iPad = "UIInterfaceOrientationPortrait UIInterfaceOrientationPortraitUpsideDown UIInterfaceOrientationLandscapeLeft UIInterfaceOrientationLandscapeRight";
				INFOPLIST_KEY_UISupportedInterfaceOrientations_iPhone = "UIInterfaceOrientationPortrait UIInterfaceOrientationLandscapeLeft UIInterfaceOrientationLandscapeRight";
				LD_RUNPATH_SEARCH_PATHS = (
					"$(inherited)",
					"@executable_path/Frameworks",
				);
				MARKETING_VERSION = 1.0;
				PRODUCT_BUNDLE_IDENTIFIER = "com.sametcagriaktepe.onboarding-swiftui";
				PRODUCT_NAME = "$(TARGET_NAME)";
				SWIFT_EMIT_LOC_STRINGS = YES;
				SWIFT_VERSION = 5.0;
				TARGETED_DEVICE_FAMILY = "1,2";
			};
			name = Debug;
		};
		81B2D2682B10C0FD00CFFD18 /* Release */ = {
			isa = XCBuildConfiguration;
			buildSettings = {
				ASSETCATALOG_COMPILER_APPICON_NAME = AppIcon;
				ASSETCATALOG_COMPILER_GLOBAL_ACCENT_COLOR_NAME = AccentColor;
				CODE_SIGN_STYLE = Automatic;
				CURRENT_PROJECT_VERSION = 1;
				DEVELOPMENT_ASSET_PATHS = "\"onboarding-swiftui/Preview Content\"";
				DEVELOPMENT_TEAM = J6WDBVB643;
				ENABLE_PREVIEWS = YES;
				GENERATE_INFOPLIST_FILE = YES;
				INFOPLIST_KEY_UIApplicationSceneManifest_Generation = YES;
				INFOPLIST_KEY_UIApplicationSupportsIndirectInputEvents = YES;
				INFOPLIST_KEY_UILaunchScreen_Generation = YES;
				INFOPLIST_KEY_UISupportedInterfaceOrientations_iPad = "UIInterfaceOrientationPortrait UIInterfaceOrientationPortraitUpsideDown UIInterfaceOrientationLandscapeLeft UIInterfaceOrientationLandscapeRight";
				INFOPLIST_KEY_UISupportedInterfaceOrientations_iPhone = "UIInterfaceOrientationPortrait UIInterfaceOrientationLandscapeLeft UIInterfaceOrientationLandscapeRight";
				LD_RUNPATH_SEARCH_PATHS = (
					"$(inherited)",
					"@executable_path/Frameworks",
				);
				MARKETING_VERSION = 1.0;
				PRODUCT_BUNDLE_IDENTIFIER = "com.sametcagriaktepe.onboarding-swiftui";
				PRODUCT_NAME = "$(TARGET_NAME)";
				SWIFT_EMIT_LOC_STRINGS = YES;
				SWIFT_VERSION = 5.0;
				TARGETED_DEVICE_FAMILY = "1,2";
			};
			name = Release;
		};
/* End XCBuildConfiguration section */

/* Begin XCConfigurationList section */
		81B2D2532B10C0FC00CFFD18 /* Build configuration list for PBXProject "onboarding-swiftui" */ = {
			isa = XCConfigurationList;
			buildConfigurations = (
				81B2D2642B10C0FD00CFFD18 /* Debug */,
				81B2D2652B10C0FD00CFFD18 /* Release */,
			);
			defaultConfigurationIsVisible = 0;
			defaultConfigurationName = Release;
		};
		81B2D2662B10C0FD00CFFD18 /* Build configuration list for PBXNativeTarget "onboarding-swiftui" */ = {
			isa = XCConfigurationList;
			buildConfigurations = (
				81B2D2672B10C0FD00CFFD18 /* Debug */,
				81B2D2682B10C0FD00CFFD18 /* Release */,
			);
			defaultConfigurationIsVisible = 0;
			defaultConfigurationName = Release;
		};
/* End XCConfigurationList section */
	};
	rootObject = 81B2D2502B10C0FC00CFFD18 /* Project object */;
}
